
Microsoft Visual Studio Solution File, Format Version 12.00
# Visual Studio Version 16
VisualStudioVersion = 16.0.29215.179
MinimumVisualStudioVersion = 10.0.40219.1
Project("{FAE04EC0-301F-11D3-BF4B-00C04F79EFBC}") = "Servo_Manipulator_COM", "Servo_Manipulator_COM\Servo_Manipulator_COM.csproj", "{EEFEC4B6-5A6B-47BB-9A28-C12BBABDF0EA}"
EndProject
Project("{FAE04EC0-301F-11D3-BF4B-00C04F79EFBC}") = "Manipulator_UWP", "Manipulator_UWP\Manipulator_UWP.csproj", "{1BBC62E6-2CA4-4789-B573-C229DC4D9BEC}"
EndProject
Project("{9A19103F-16F7-4668-BE54-9A1E7A4F7556}") = "Intersection_lib_Standart", "Intersection_lib_Standart\Intersection_lib_Standart.csproj", "{DAF7D517-16D9-4D72-AC09-BA7155CCD789}"
EndProject
Project("{9A19103F-16F7-4668-BE54-9A1E7A4F7556}") = "PointLibStandart", "PointLibStandart\PointLibStandart.csproj", "{00A789FF-CA89-40D9-BF5B-E5D702B9FD90}"
EndProject
Project("{FAE04EC0-301F-11D3-BF4B-00C04F79EFBC}") = "Manipulator_Serial_Interfase_UWP", "Manipulator_Serial_Interfase_UWP\Manipulator_Serial_Interfase_UWP.csproj", "{1ECCF348-8027-4DEE-A3B8-EE61B2C0F73A}"
EndProject
Project("{9A19103F-16F7-4668-BE54-9A1E7A4F7556}") = "KinematicModellingStandartLib", "KinematicModellingStandartLib\KinematicModellingStandartLib.csproj", "{5CC8EF7A-E0E8-4AB8-9571-FB0BE3091E18}"
EndProject
Project("{FAE04EC0-301F-11D3-BF4B-00C04F79EFBC}") = "PointLibStandart.Test", "PointLibStandart.Test\PointLibStandart.Test.csproj", "{DF29226D-3605-4E8B-8DEA-180B8F043B28}"
EndProject
Project("{FAE04EC0-301F-11D3-BF4B-00C04F79EFBC}") = "KinematicTaskTest", "KinematicTaskTest\KinematicTaskTest.csproj", "{A2A4E3F2-C91D-4A82-A1A5-DE77F3ECB08B}"
EndProject
Global
	GlobalSection(SolutionConfigurationPlatforms) = preSolution
		Debug|Any CPU = Debug|Any CPU
		Debug|ARM = Debug|ARM
		Debug|ARM64 = Debug|ARM64
		Debug|x64 = Debug|x64
		Debug|x86 = Debug|x86
		Release|Any CPU = Release|Any CPU
		Release|ARM = Release|ARM
		Release|ARM64 = Release|ARM64
		Release|x64 = Release|x64
		Release|x86 = Release|x86
	EndGlobalSection
	GlobalSection(ProjectConfigurationPlatforms) = postSolution
		{EEFEC4B6-5A6B-47BB-9A28-C12BBABDF0EA}.Debug|Any CPU.ActiveCfg = Debug|Any CPU
		{EEFEC4B6-5A6B-47BB-9A28-C12BBABDF0EA}.Debug|Any CPU.Build.0 = Debug|Any CPU
		{EEFEC4B6-5A6B-47BB-9A28-C12BBABDF0EA}.Debug|ARM.ActiveCfg = Debug|Any CPU
		{EEFEC4B6-5A6B-47BB-9A28-C12BBABDF0EA}.Debug|ARM.Build.0 = Debug|Any CPU
		{EEFEC4B6-5A6B-47BB-9A28-C12BBABDF0EA}.Debug|ARM64.ActiveCfg = Debug|Any CPU
		{EEFEC4B6-5A6B-47BB-9A28-C12BBABDF0EA}.Debug|ARM64.Build.0 = Debug|Any CPU
		{EEFEC4B6-5A6B-47BB-9A28-C12BBABDF0EA}.Debug|x64.ActiveCfg = Debug|Any CPU
		{EEFEC4B6-5A6B-47BB-9A28-C12BBABDF0EA}.Debug|x64.Build.0 = Debug|Any CPU
		{EEFEC4B6-5A6B-47BB-9A28-C12BBABDF0EA}.Debug|x86.ActiveCfg = Debug|Any CPU
		{EEFEC4B6-5A6B-47BB-9A28-C12BBABDF0EA}.Debug|x86.Build.0 = Debug|Any CPU
		{EEFEC4B6-5A6B-47BB-9A28-C12BBABDF0EA}.Release|Any CPU.ActiveCfg = Release|Any CPU
		{EEFEC4B6-5A6B-47BB-9A28-C12BBABDF0EA}.Release|Any CPU.Build.0 = Release|Any CPU
		{EEFEC4B6-5A6B-47BB-9A28-C12BBABDF0EA}.Release|ARM.ActiveCfg = Release|Any CPU
		{EEFEC4B6-5A6B-47BB-9A28-C12BBABDF0EA}.Release|ARM.Build.0 = Release|Any CPU
		{EEFEC4B6-5A6B-47BB-9A28-C12BBABDF0EA}.Release|ARM64.ActiveCfg = Release|Any CPU
		{EEFEC4B6-5A6B-47BB-9A28-C12BBABDF0EA}.Release|ARM64.Build.0 = Release|Any CPU
		{EEFEC4B6-5A6B-47BB-9A28-C12BBABDF0EA}.Release|x64.ActiveCfg = Release|Any CPU
		{EEFEC4B6-5A6B-47BB-9A28-C12BBABDF0EA}.Release|x64.Build.0 = Release|Any CPU
		{EEFEC4B6-5A6B-47BB-9A28-C12BBABDF0EA}.Release|x86.ActiveCfg = Release|Any CPU
		{EEFEC4B6-5A6B-47BB-9A28-C12BBABDF0EA}.Release|x86.Build.0 = Release|Any CPU
		{1BBC62E6-2CA4-4789-B573-C229DC4D9BEC}.Debug|Any CPU.ActiveCfg = Debug|x86
		{1BBC62E6-2CA4-4789-B573-C229DC4D9BEC}.Debug|ARM.ActiveCfg = Debug|ARM
		{1BBC62E6-2CA4-4789-B573-C229DC4D9BEC}.Debug|ARM.Build.0 = Debug|ARM
		{1BBC62E6-2CA4-4789-B573-C229DC4D9BEC}.Debug|ARM.Deploy.0 = Debug|ARM
		{1BBC62E6-2CA4-4789-B573-C229DC4D9BEC}.Debug|ARM64.ActiveCfg = Debug|ARM64
		{1BBC62E6-2CA4-4789-B573-C229DC4D9BEC}.Debug|ARM64.Build.0 = Debug|ARM64
		{1BBC62E6-2CA4-4789-B573-C229DC4D9BEC}.Debug|ARM64.Deploy.0 = Debug|ARM64
		{1BBC62E6-2CA4-4789-B573-C229DC4D9BEC}.Debug|x64.ActiveCfg = Debug|x64
		{1BBC62E6-2CA4-4789-B573-C229DC4D9BEC}.Debug|x64.Build.0 = Debug|x64
		{1BBC62E6-2CA4-4789-B573-C229DC4D9BEC}.Debug|x64.Deploy.0 = Debug|x64
		{1BBC62E6-2CA4-4789-B573-C229DC4D9BEC}.Debug|x86.ActiveCfg = Debug|x86
		{1BBC62E6-2CA4-4789-B573-C229DC4D9BEC}.Debug|x86.Build.0 = Debug|x86
		{1BBC62E6-2CA4-4789-B573-C229DC4D9BEC}.Debug|x86.Deploy.0 = Debug|x86
		{1BBC62E6-2CA4-4789-B573-C229DC4D9BEC}.Release|Any CPU.ActiveCfg = Release|x86
		{1BBC62E6-2CA4-4789-B573-C229DC4D9BEC}.Release|ARM.ActiveCfg = Release|ARM
		{1BBC62E6-2CA4-4789-B573-C229DC4D9BEC}.Release|ARM.Build.0 = Release|ARM
		{1BBC62E6-2CA4-4789-B573-C229DC4D9BEC}.Release|ARM.Deploy.0 = Release|ARM
		{1BBC62E6-2CA4-4789-B573-C229DC4D9BEC}.Release|ARM64.ActiveCfg = Release|ARM64
		{1BBC62E6-2CA4-4789-B573-C229DC4D9BEC}.Release|ARM64.Build.0 = Release|ARM64
		{1BBC62E6-2CA4-4789-B573-C229DC4D9BEC}.Release|ARM64.Deploy.0 = Release|ARM64
		{1BBC62E6-2CA4-4789-B573-C229DC4D9BEC}.Release|x64.ActiveCfg = Release|x64
		{1BBC62E6-2CA4-4789-B573-C229DC4D9BEC}.Release|x64.Build.0 = Release|x64
		{1BBC62E6-2CA4-4789-B573-C229DC4D9BEC}.Release|x64.Deploy.0 = Release|x64
		{1BBC62E6-2CA4-4789-B573-C229DC4D9BEC}.Release|x86.ActiveCfg = Release|x86
		{1BBC62E6-2CA4-4789-B573-C229DC4D9BEC}.Release|x86.Build.0 = Release|x86
		{1BBC62E6-2CA4-4789-B573-C229DC4D9BEC}.Release|x86.Deploy.0 = Release|x86
		{DAF7D517-16D9-4D72-AC09-BA7155CCD789}.Debug|Any CPU.ActiveCfg = Debug|Any CPU
		{DAF7D517-16D9-4D72-AC09-BA7155CCD789}.Debug|Any CPU.Build.0 = Debug|Any CPU
		{DAF7D517-16D9-4D72-AC09-BA7155CCD789}.Debug|ARM.ActiveCfg = Debug|Any CPU
		{DAF7D517-16D9-4D72-AC09-BA7155CCD789}.Debug|ARM.Build.0 = Debug|Any CPU
		{DAF7D517-16D9-4D72-AC09-BA7155CCD789}.Debug|ARM64.ActiveCfg = Debug|Any CPU
		{DAF7D517-16D9-4D72-AC09-BA7155CCD789}.Debug|ARM64.Build.0 = Debug|Any CPU
		{DAF7D517-16D9-4D72-AC09-BA7155CCD789}.Debug|x64.ActiveCfg = Debug|Any CPU
		{DAF7D517-16D9-4D72-AC09-BA7155CCD789}.Debug|x64.Build.0 = Debug|Any CPU
		{DAF7D517-16D9-4D72-AC09-BA7155CCD789}.Debug|x86.ActiveCfg = Debug|Any CPU
		{DAF7D517-16D9-4D72-AC09-BA7155CCD789}.Debug|x86.Build.0 = Debug|Any CPU
		{DAF7D517-16D9-4D72-AC09-BA7155CCD789}.Release|Any CPU.ActiveCfg = Release|Any CPU
		{DAF7D517-16D9-4D72-AC09-BA7155CCD789}.Release|Any CPU.Build.0 = Release|Any CPU
		{DAF7D517-16D9-4D72-AC09-BA7155CCD789}.Release|ARM.ActiveCfg = Release|Any CPU
		{DAF7D517-16D9-4D72-AC09-BA7155CCD789}.Release|ARM.Build.0 = Release|Any CPU
		{DAF7D517-16D9-4D72-AC09-BA7155CCD789}.Release|ARM64.ActiveCfg = Release|Any CPU
		{DAF7D517-16D9-4D72-AC09-BA7155CCD789}.Release|ARM64.Build.0 = Release|Any CPU
		{DAF7D517-16D9-4D72-AC09-BA7155CCD789}.Release|x64.ActiveCfg = Release|Any CPU
		{DAF7D517-16D9-4D72-AC09-BA7155CCD789}.Release|x64.Build.0 = Release|Any CPU
		{DAF7D517-16D9-4D72-AC09-BA7155CCD789}.Release|x86.ActiveCfg = Release|Any CPU
		{DAF7D517-16D9-4D72-AC09-BA7155CCD789}.Release|x86.Build.0 = Release|Any CPU
		{00A789FF-CA89-40D9-BF5B-E5D702B9FD90}.Debug|Any CPU.ActiveCfg = Debug|Any CPU
		{00A789FF-CA89-40D9-BF5B-E5D702B9FD90}.Debug|Any CPU.Build.0 = Debug|Any CPU
		{00A789FF-CA89-40D9-BF5B-E5D702B9FD90}.Debug|ARM.ActiveCfg = Debug|Any CPU
		{00A789FF-CA89-40D9-BF5B-E5D702B9FD90}.Debug|ARM.Build.0 = Debug|Any CPU
		{00A789FF-CA89-40D9-BF5B-E5D702B9FD90}.Debug|ARM64.ActiveCfg = Debug|Any CPU
		{00A789FF-CA89-40D9-BF5B-E5D702B9FD90}.Debug|ARM64.Build.0 = Debug|Any CPU
		{00A789FF-CA89-40D9-BF5B-E5D702B9FD90}.Debug|x64.ActiveCfg = Debug|Any CPU
		{00A789FF-CA89-40D9-BF5B-E5D702B9FD90}.Debug|x64.Build.0 = Debug|Any CPU
		{00A789FF-CA89-40D9-BF5B-E5D702B9FD90}.Debug|x86.ActiveCfg = Debug|Any CPU
		{00A789FF-CA89-40D9-BF5B-E5D702B9FD90}.Debug|x86.Build.0 = Debug|Any CPU
		{00A789FF-CA89-40D9-BF5B-E5D702B9FD90}.Release|Any CPU.ActiveCfg = Release|Any CPU
		{00A789FF-CA89-40D9-BF5B-E5D702B9FD90}.Release|Any CPU.Build.0 = Release|Any CPU
		{00A789FF-CA89-40D9-BF5B-E5D702B9FD90}.Release|ARM.ActiveCfg = Release|Any CPU
		{00A789FF-CA89-40D9-BF5B-E5D702B9FD90}.Release|ARM.Build.0 = Release|Any CPU
		{00A789FF-CA89-40D9-BF5B-E5D702B9FD90}.Release|ARM64.ActiveCfg = Release|Any CPU
		{00A789FF-CA89-40D9-BF5B-E5D702B9FD90}.Release|ARM64.Build.0 = Release|Any CPU
		{00A789FF-CA89-40D9-BF5B-E5D702B9FD90}.Release|x64.ActiveCfg = Release|Any CPU
		{00A789FF-CA89-40D9-BF5B-E5D702B9FD90}.Release|x64.Build.0 = Release|Any CPU
		{00A789FF-CA89-40D9-BF5B-E5D702B9FD90}.Release|x86.ActiveCfg = Release|Any CPU
		{00A789FF-CA89-40D9-BF5B-E5D702B9FD90}.Release|x86.Build.0 = Release|Any CPU
		{1ECCF348-8027-4DEE-A3B8-EE61B2C0F73A}.Debug|Any CPU.ActiveCfg = Debug|Any CPU
		{1ECCF348-8027-4DEE-A3B8-EE61B2C0F73A}.Debug|Any CPU.Build.0 = Debug|Any CPU
		{1ECCF348-8027-4DEE-A3B8-EE61B2C0F73A}.Debug|ARM.ActiveCfg = Debug|ARM
		{1ECCF348-8027-4DEE-A3B8-EE61B2C0F73A}.Debug|ARM.Build.0 = Debug|ARM
		{1ECCF348-8027-4DEE-A3B8-EE61B2C0F73A}.Debug|ARM64.ActiveCfg = Debug|ARM64
		{1ECCF348-8027-4DEE-A3B8-EE61B2C0F73A}.Debug|ARM64.Build.0 = Debug|ARM64
		{1ECCF348-8027-4DEE-A3B8-EE61B2C0F73A}.Debug|x64.ActiveCfg = Debug|x64
		{1ECCF348-8027-4DEE-A3B8-EE61B2C0F73A}.Debug|x64.Build.0 = Debug|x64
		{1ECCF348-8027-4DEE-A3B8-EE61B2C0F73A}.Debug|x86.ActiveCfg = Debug|x86
		{1ECCF348-8027-4DEE-A3B8-EE61B2C0F73A}.Debug|x86.Build.0 = Debug|x86
		{1ECCF348-8027-4DEE-A3B8-EE61B2C0F73A}.Release|Any CPU.ActiveCfg = Release|Any CPU
		{1ECCF348-8027-4DEE-A3B8-EE61B2C0F73A}.Release|Any CPU.Build.0 = Release|Any CPU
		{1ECCF348-8027-4DEE-A3B8-EE61B2C0F73A}.Release|ARM.ActiveCfg = Release|ARM
		{1ECCF348-8027-4DEE-A3B8-EE61B2C0F73A}.Release|ARM.Build.0 = Release|ARM
		{1ECCF348-8027-4DEE-A3B8-EE61B2C0F73A}.Release|ARM64.ActiveCfg = Release|ARM64
		{1ECCF348-8027-4DEE-A3B8-EE61B2C0F73A}.Release|ARM64.Build.0 = Release|ARM64
		{1ECCF348-8027-4DEE-A3B8-EE61B2C0F73A}.Release|x64.ActiveCfg = Release|x64
		{1ECCF348-8027-4DEE-A3B8-EE61B2C0F73A}.Release|x64.Build.0 = Release|x64
		{1ECCF348-8027-4DEE-A3B8-EE61B2C0F73A}.Release|x86.ActiveCfg = Release|x86
		{1ECCF348-8027-4DEE-A3B8-EE61B2C0F73A}.Release|x86.Build.0 = Release|x86
		{5CC8EF7A-E0E8-4AB8-9571-FB0BE3091E18}.Debug|Any CPU.ActiveCfg = Debug|Any CPU
		{5CC8EF7A-E0E8-4AB8-9571-FB0BE3091E18}.Debug|Any CPU.Build.0 = Debug|Any CPU
		{5CC8EF7A-E0E8-4AB8-9571-FB0BE3091E18}.Debug|ARM.ActiveCfg = Debug|Any CPU
		{5CC8EF7A-E0E8-4AB8-9571-FB0BE3091E18}.Debug|ARM.Build.0 = Debug|Any CPU
		{5CC8EF7A-E0E8-4AB8-9571-FB0BE3091E18}.Debug|ARM64.ActiveCfg = Debug|Any CPU
		{5CC8EF7A-E0E8-4AB8-9571-FB0BE3091E18}.Debug|ARM64.Build.0 = Debug|Any CPU
		{5CC8EF7A-E0E8-4AB8-9571-FB0BE3091E18}.Debug|x64.ActiveCfg = Debug|Any CPU
		{5CC8EF7A-E0E8-4AB8-9571-FB0BE3091E18}.Debug|x64.Build.0 = Debug|Any CPU
		{5CC8EF7A-E0E8-4AB8-9571-FB0BE3091E18}.Debug|x86.ActiveCfg = Debug|Any CPU
		{5CC8EF7A-E0E8-4AB8-9571-FB0BE3091E18}.Debug|x86.Build.0 = Debug|Any CPU
		{5CC8EF7A-E0E8-4AB8-9571-FB0BE3091E18}.Release|Any CPU.ActiveCfg = Release|Any CPU
		{5CC8EF7A-E0E8-4AB8-9571-FB0BE3091E18}.Release|Any CPU.Build.0 = Release|Any CPU
		{5CC8EF7A-E0E8-4AB8-9571-FB0BE3091E18}.Release|ARM.ActiveCfg = Release|Any CPU
		{5CC8EF7A-E0E8-4AB8-9571-FB0BE3091E18}.Release|ARM.Build.0 = Release|Any CPU
		{5CC8EF7A-E0E8-4AB8-9571-FB0BE3091E18}.Release|ARM64.ActiveCfg = Release|Any CPU
		{5CC8EF7A-E0E8-4AB8-9571-FB0BE3091E18}.Release|ARM64.Build.0 = Release|Any CPU
		{5CC8EF7A-E0E8-4AB8-9571-FB0BE3091E18}.Release|x64.ActiveCfg = Release|Any CPU
		{5CC8EF7A-E0E8-4AB8-9571-FB0BE3091E18}.Release|x64.Build.0 = Release|Any CPU
		{5CC8EF7A-E0E8-4AB8-9571-FB0BE3091E18}.Release|x86.ActiveCfg = Release|Any CPU
		{5CC8EF7A-E0E8-4AB8-9571-FB0BE3091E18}.Release|x86.Build.0 = Release|Any CPU
		{DF29226D-3605-4E8B-8DEA-180B8F043B28}.Debug|Any CPU.ActiveCfg = Debug|Any CPU
		{DF29226D-3605-4E8B-8DEA-180B8F043B28}.Debug|Any CPU.Build.0 = Debug|Any CPU
		{DF29226D-3605-4E8B-8DEA-180B8F043B28}.Debug|ARM.ActiveCfg = Debug|Any CPU
		{DF29226D-3605-4E8B-8DEA-180B8F043B28}.Debug|ARM.Build.0 = Debug|Any CPU
		{DF29226D-3605-4E8B-8DEA-180B8F043B28}.Debug|ARM64.ActiveCfg = Debug|Any CPU
		{DF29226D-3605-4E8B-8DEA-180B8F043B28}.Debug|ARM64.Build.0 = Debug|Any CPU
		{DF29226D-3605-4E8B-8DEA-180B8F043B28}.Debug|x64.ActiveCfg = Debug|Any CPU
		{DF29226D-3605-4E8B-8DEA-180B8F043B28}.Debug|x64.Build.0 = Debug|Any CPU
		{DF29226D-3605-4E8B-8DEA-180B8F043B28}.Debug|x86.ActiveCfg = Debug|Any CPU
		{DF29226D-3605-4E8B-8DEA-180B8F043B28}.Debug|x86.Build.0 = Debug|Any CPU
		{DF29226D-3605-4E8B-8DEA-180B8F043B28}.Release|Any CPU.ActiveCfg = Release|Any CPU
		{DF29226D-3605-4E8B-8DEA-180B8F043B28}.Release|Any CPU.Build.0 = Release|Any CPU
		{DF29226D-3605-4E8B-8DEA-180B8F043B28}.Release|ARM.ActiveCfg = Release|Any CPU
		{DF29226D-3605-4E8B-8DEA-180B8F043B28}.Release|ARM.Build.0 = Release|Any CPU
		{DF29226D-3605-4E8B-8DEA-180B8F043B28}.Release|ARM64.ActiveCfg = Release|Any CPU
		{DF29226D-3605-4E8B-8DEA-180B8F043B28}.Release|ARM64.Build.0 = Release|Any CPU
		{DF29226D-3605-4E8B-8DEA-180B8F043B28}.Release|x64.ActiveCfg = Release|Any CPU
		{DF29226D-3605-4E8B-8DEA-180B8F043B28}.Release|x64.Build.0 = Release|Any CPU
		{DF29226D-3605-4E8B-8DEA-180B8F043B28}.Release|x86.ActiveCfg = Release|Any CPU
		{DF29226D-3605-4E8B-8DEA-180B8F043B28}.Release|x86.Build.0 = Release|Any CPU
		{A2A4E3F2-C91D-4A82-A1A5-DE77F3ECB08B}.Debug|Any CPU.ActiveCfg = Debug|Any CPU
		{A2A4E3F2-C91D-4A82-A1A5-DE77F3ECB08B}.Debug|Any CPU.Build.0 = Debug|Any CPU
		{A2A4E3F2-C91D-4A82-A1A5-DE77F3ECB08B}.Debug|ARM.ActiveCfg = Debug|Any CPU
		{A2A4E3F2-C91D-4A82-A1A5-DE77F3ECB08B}.Debug|ARM.Build.0 = Debug|Any CPU
		{A2A4E3F2-C91D-4A82-A1A5-DE77F3ECB08B}.Debug|ARM64.ActiveCfg = Debug|Any CPU
		{A2A4E3F2-C91D-4A82-A1A5-DE77F3ECB08B}.Debug|ARM64.Build.0 = Debug|Any CPU
		{A2A4E3F2-C91D-4A82-A1A5-DE77F3ECB08B}.Debug|x64.ActiveCfg = Debug|Any CPU
		{A2A4E3F2-C91D-4A82-A1A5-DE77F3ECB08B}.Debug|x64.Build.0 = Debug|Any CPU
		{A2A4E3F2-C91D-4A82-A1A5-DE77F3ECB08B}.Debug|x86.ActiveCfg = Debug|Any CPU
		{A2A4E3F2-C91D-4A82-A1A5-DE77F3ECB08B}.Debug|x86.Build.0 = Debug|Any CPU
		{A2A4E3F2-C91D-4A82-A1A5-DE77F3ECB08B}.Release|Any CPU.ActiveCfg = Release|Any CPU
		{A2A4E3F2-C91D-4A82-A1A5-DE77F3ECB08B}.Release|Any CPU.Build.0 = Release|Any CPU
		{A2A4E3F2-C91D-4A82-A1A5-DE77F3ECB08B}.Release|ARM.ActiveCfg = Release|Any CPU
		{A2A4E3F2-C91D-4A82-A1A5-DE77F3ECB08B}.Release|ARM.Build.0 = Release|Any CPU
		{A2A4E3F2-C91D-4A82-A1A5-DE77F3ECB08B}.Release|ARM64.ActiveCfg = Release|Any CPU
		{A2A4E3F2-C91D-4A82-A1A5-DE77F3ECB08B}.Release|ARM64.Build.0 = Release|Any CPU
		{A2A4E3F2-C91D-4A82-A1A5-DE77F3ECB08B}.Release|x64.ActiveCfg = Release|Any CPU
		{A2A4E3F2-C91D-4A82-A1A5-DE77F3ECB08B}.Release|x64.Build.0 = Release|Any CPU
		{A2A4E3F2-C91D-4A82-A1A5-DE77F3ECB08B}.Release|x86.ActiveCfg = Release|Any CPU
		{A2A4E3F2-C91D-4A82-A1A5-DE77F3ECB08B}.Release|x86.Build.0 = Release|Any CPU
	EndGlobalSection
	GlobalSection(SolutionProperties) = preSolution
		HideSolutionNode = FALSE
	EndGlobalSection
	GlobalSection(ExtensibilityGlobals) = postSolution
		SolutionGuid = {0ABC0AD9-3BF1-44BF-B5D4-E8E2F14E3522}
	EndGlobalSection
EndGlobal
