
Microsoft Visual Studio Solution File, Format Version 12.00
# Visual Studio Version 16
VisualStudioVersion = 16.0.29215.179
MinimumVisualStudioVersion = 10.0.40219.1
Project("{FAE04EC0-301F-11D3-BF4B-00C04F79EFBC}") = "Servo_Manipulator_COM", "Servo_Manipulator_COM\Servo_Manipulator_COM.csproj", "{EEFEC4B6-5A6B-47BB-9A28-C12BBABDF0EA}"
EndProject
Project("{FAE04EC0-301F-11D3-BF4B-00C04F79EFBC}") = "dataSendTest", "dataSendTest\dataSendTest.csproj", "{24110464-FC99-41F0-A183-EF547FD1D70A}"
EndProject
Project("{FAE04EC0-301F-11D3-BF4B-00C04F79EFBC}") = "dataSave_Csharp", "dataSave_Csharp\dataSave_Csharp.csproj", "{C7E5AEA0-F5DB-4BB6-8668-83CBD1B9235E}"
EndProject
Project("{FAE04EC0-301F-11D3-BF4B-00C04F79EFBC}") = "NumTest", "NumTest\NumTest.csproj", "{5D423C40-7098-4C4D-A963-CC9019623517}"
EndProject
Project("{FAE04EC0-301F-11D3-BF4B-00C04F79EFBC}") = "Sphere_test", "..\Sphere_test\Sphere_test\Sphere_test\Sphere_test.csproj", "{B1BA0EAA-E06A-46C8-B0A7-D7AE7C5A1052}"
EndProject
Project("{FAE04EC0-301F-11D3-BF4B-00C04F79EFBC}") = "Intersection", "..\Sphere_test\Sphere_test\координата_пересечения_шаров\Intersection.csproj", "{B23DC9EA-C4FC-4549-B145-024AEEDC8542}"
EndProject
Project("{FAE04EC0-301F-11D3-BF4B-00C04F79EFBC}") = "Manipulator_UWP", "Manipulator_UWP\Manipulator_UWP.csproj", "{1BBC62E6-2CA4-4789-B573-C229DC4D9BEC}"
EndProject
Project("{FAE04EC0-301F-11D3-BF4B-00C04F79EFBC}") = "Manipulator_WPF", "Manipulator_WPF\Manipulator_WPF.csproj", "{64DA54BB-271C-4731-A53B-58E088812685}"
EndProject
Global
	GlobalSection(SolutionConfigurationPlatforms) = preSolution
		Debug|Any CPU = Debug|Any CPU
		Debug|ARM = Debug|ARM
		Debug|ARM64 = Debug|ARM64
		Debug|x64 = Debug|x64
		Debug|x86 = Debug|x86
		Release|Any CPU = Release|Any CPU
		Release|ARM = Release|ARM
		Release|ARM64 = Release|ARM64
		Release|x64 = Release|x64
		Release|x86 = Release|x86
	EndGlobalSection
	GlobalSection(ProjectConfigurationPlatforms) = postSolution
		{EEFEC4B6-5A6B-47BB-9A28-C12BBABDF0EA}.Debug|Any CPU.ActiveCfg = Debug|Any CPU
		{EEFEC4B6-5A6B-47BB-9A28-C12BBABDF0EA}.Debug|Any CPU.Build.0 = Debug|Any CPU
		{EEFEC4B6-5A6B-47BB-9A28-C12BBABDF0EA}.Debug|ARM.ActiveCfg = Debug|Any CPU
		{EEFEC4B6-5A6B-47BB-9A28-C12BBABDF0EA}.Debug|ARM.Build.0 = Debug|Any CPU
		{EEFEC4B6-5A6B-47BB-9A28-C12BBABDF0EA}.Debug|ARM64.ActiveCfg = Debug|Any CPU
		{EEFEC4B6-5A6B-47BB-9A28-C12BBABDF0EA}.Debug|ARM64.Build.0 = Debug|Any CPU
		{EEFEC4B6-5A6B-47BB-9A28-C12BBABDF0EA}.Debug|x64.ActiveCfg = Debug|Any CPU
		{EEFEC4B6-5A6B-47BB-9A28-C12BBABDF0EA}.Debug|x64.Build.0 = Debug|Any CPU
		{EEFEC4B6-5A6B-47BB-9A28-C12BBABDF0EA}.Debug|x86.ActiveCfg = Debug|Any CPU
		{EEFEC4B6-5A6B-47BB-9A28-C12BBABDF0EA}.Debug|x86.Build.0 = Debug|Any CPU
		{EEFEC4B6-5A6B-47BB-9A28-C12BBABDF0EA}.Release|Any CPU.ActiveCfg = Release|Any CPU
		{EEFEC4B6-5A6B-47BB-9A28-C12BBABDF0EA}.Release|Any CPU.Build.0 = Release|Any CPU
		{EEFEC4B6-5A6B-47BB-9A28-C12BBABDF0EA}.Release|ARM.ActiveCfg = Release|Any CPU
		{EEFEC4B6-5A6B-47BB-9A28-C12BBABDF0EA}.Release|ARM.Build.0 = Release|Any CPU
		{EEFEC4B6-5A6B-47BB-9A28-C12BBABDF0EA}.Release|ARM64.ActiveCfg = Release|Any CPU
		{EEFEC4B6-5A6B-47BB-9A28-C12BBABDF0EA}.Release|ARM64.Build.0 = Release|Any CPU
		{EEFEC4B6-5A6B-47BB-9A28-C12BBABDF0EA}.Release|x64.ActiveCfg = Release|Any CPU
		{EEFEC4B6-5A6B-47BB-9A28-C12BBABDF0EA}.Release|x64.Build.0 = Release|Any CPU
		{EEFEC4B6-5A6B-47BB-9A28-C12BBABDF0EA}.Release|x86.ActiveCfg = Release|Any CPU
		{EEFEC4B6-5A6B-47BB-9A28-C12BBABDF0EA}.Release|x86.Build.0 = Release|Any CPU
		{24110464-FC99-41F0-A183-EF547FD1D70A}.Debug|Any CPU.ActiveCfg = Debug|Any CPU
		{24110464-FC99-41F0-A183-EF547FD1D70A}.Debug|Any CPU.Build.0 = Debug|Any CPU
		{24110464-FC99-41F0-A183-EF547FD1D70A}.Debug|ARM.ActiveCfg = Debug|Any CPU
		{24110464-FC99-41F0-A183-EF547FD1D70A}.Debug|ARM.Build.0 = Debug|Any CPU
		{24110464-FC99-41F0-A183-EF547FD1D70A}.Debug|ARM64.ActiveCfg = Debug|Any CPU
		{24110464-FC99-41F0-A183-EF547FD1D70A}.Debug|ARM64.Build.0 = Debug|Any CPU
		{24110464-FC99-41F0-A183-EF547FD1D70A}.Debug|x64.ActiveCfg = Debug|Any CPU
		{24110464-FC99-41F0-A183-EF547FD1D70A}.Debug|x64.Build.0 = Debug|Any CPU
		{24110464-FC99-41F0-A183-EF547FD1D70A}.Debug|x86.ActiveCfg = Debug|Any CPU
		{24110464-FC99-41F0-A183-EF547FD1D70A}.Debug|x86.Build.0 = Debug|Any CPU
		{24110464-FC99-41F0-A183-EF547FD1D70A}.Release|Any CPU.ActiveCfg = Release|Any CPU
		{24110464-FC99-41F0-A183-EF547FD1D70A}.Release|Any CPU.Build.0 = Release|Any CPU
		{24110464-FC99-41F0-A183-EF547FD1D70A}.Release|ARM.ActiveCfg = Release|Any CPU
		{24110464-FC99-41F0-A183-EF547FD1D70A}.Release|ARM.Build.0 = Release|Any CPU
		{24110464-FC99-41F0-A183-EF547FD1D70A}.Release|ARM64.ActiveCfg = Release|Any CPU
		{24110464-FC99-41F0-A183-EF547FD1D70A}.Release|ARM64.Build.0 = Release|Any CPU
		{24110464-FC99-41F0-A183-EF547FD1D70A}.Release|x64.ActiveCfg = Release|Any CPU
		{24110464-FC99-41F0-A183-EF547FD1D70A}.Release|x64.Build.0 = Release|Any CPU
		{24110464-FC99-41F0-A183-EF547FD1D70A}.Release|x86.ActiveCfg = Release|Any CPU
		{24110464-FC99-41F0-A183-EF547FD1D70A}.Release|x86.Build.0 = Release|Any CPU
		{C7E5AEA0-F5DB-4BB6-8668-83CBD1B9235E}.Debug|Any CPU.ActiveCfg = Debug|Any CPU
		{C7E5AEA0-F5DB-4BB6-8668-83CBD1B9235E}.Debug|Any CPU.Build.0 = Debug|Any CPU
		{C7E5AEA0-F5DB-4BB6-8668-83CBD1B9235E}.Debug|ARM.ActiveCfg = Debug|Any CPU
		{C7E5AEA0-F5DB-4BB6-8668-83CBD1B9235E}.Debug|ARM.Build.0 = Debug|Any CPU
		{C7E5AEA0-F5DB-4BB6-8668-83CBD1B9235E}.Debug|ARM64.ActiveCfg = Debug|Any CPU
		{C7E5AEA0-F5DB-4BB6-8668-83CBD1B9235E}.Debug|ARM64.Build.0 = Debug|Any CPU
		{C7E5AEA0-F5DB-4BB6-8668-83CBD1B9235E}.Debug|x64.ActiveCfg = Debug|Any CPU
		{C7E5AEA0-F5DB-4BB6-8668-83CBD1B9235E}.Debug|x64.Build.0 = Debug|Any CPU
		{C7E5AEA0-F5DB-4BB6-8668-83CBD1B9235E}.Debug|x86.ActiveCfg = Debug|Any CPU
		{C7E5AEA0-F5DB-4BB6-8668-83CBD1B9235E}.Debug|x86.Build.0 = Debug|Any CPU
		{C7E5AEA0-F5DB-4BB6-8668-83CBD1B9235E}.Release|Any CPU.ActiveCfg = Release|Any CPU
		{C7E5AEA0-F5DB-4BB6-8668-83CBD1B9235E}.Release|Any CPU.Build.0 = Release|Any CPU
		{C7E5AEA0-F5DB-4BB6-8668-83CBD1B9235E}.Release|ARM.ActiveCfg = Release|Any CPU
		{C7E5AEA0-F5DB-4BB6-8668-83CBD1B9235E}.Release|ARM.Build.0 = Release|Any CPU
		{C7E5AEA0-F5DB-4BB6-8668-83CBD1B9235E}.Release|ARM64.ActiveCfg = Release|Any CPU
		{C7E5AEA0-F5DB-4BB6-8668-83CBD1B9235E}.Release|ARM64.Build.0 = Release|Any CPU
		{C7E5AEA0-F5DB-4BB6-8668-83CBD1B9235E}.Release|x64.ActiveCfg = Release|Any CPU
		{C7E5AEA0-F5DB-4BB6-8668-83CBD1B9235E}.Release|x64.Build.0 = Release|Any CPU
		{C7E5AEA0-F5DB-4BB6-8668-83CBD1B9235E}.Release|x86.ActiveCfg = Release|Any CPU
		{C7E5AEA0-F5DB-4BB6-8668-83CBD1B9235E}.Release|x86.Build.0 = Release|Any CPU
		{5D423C40-7098-4C4D-A963-CC9019623517}.Debug|Any CPU.ActiveCfg = Debug|Any CPU
		{5D423C40-7098-4C4D-A963-CC9019623517}.Debug|Any CPU.Build.0 = Debug|Any CPU
		{5D423C40-7098-4C4D-A963-CC9019623517}.Debug|ARM.ActiveCfg = Debug|Any CPU
		{5D423C40-7098-4C4D-A963-CC9019623517}.Debug|ARM.Build.0 = Debug|Any CPU
		{5D423C40-7098-4C4D-A963-CC9019623517}.Debug|ARM64.ActiveCfg = Debug|Any CPU
		{5D423C40-7098-4C4D-A963-CC9019623517}.Debug|ARM64.Build.0 = Debug|Any CPU
		{5D423C40-7098-4C4D-A963-CC9019623517}.Debug|x64.ActiveCfg = Debug|Any CPU
		{5D423C40-7098-4C4D-A963-CC9019623517}.Debug|x64.Build.0 = Debug|Any CPU
		{5D423C40-7098-4C4D-A963-CC9019623517}.Debug|x86.ActiveCfg = Debug|Any CPU
		{5D423C40-7098-4C4D-A963-CC9019623517}.Debug|x86.Build.0 = Debug|Any CPU
		{5D423C40-7098-4C4D-A963-CC9019623517}.Release|Any CPU.ActiveCfg = Release|Any CPU
		{5D423C40-7098-4C4D-A963-CC9019623517}.Release|Any CPU.Build.0 = Release|Any CPU
		{5D423C40-7098-4C4D-A963-CC9019623517}.Release|ARM.ActiveCfg = Release|Any CPU
		{5D423C40-7098-4C4D-A963-CC9019623517}.Release|ARM.Build.0 = Release|Any CPU
		{5D423C40-7098-4C4D-A963-CC9019623517}.Release|ARM64.ActiveCfg = Release|Any CPU
		{5D423C40-7098-4C4D-A963-CC9019623517}.Release|ARM64.Build.0 = Release|Any CPU
		{5D423C40-7098-4C4D-A963-CC9019623517}.Release|x64.ActiveCfg = Release|Any CPU
		{5D423C40-7098-4C4D-A963-CC9019623517}.Release|x64.Build.0 = Release|Any CPU
		{5D423C40-7098-4C4D-A963-CC9019623517}.Release|x86.ActiveCfg = Release|Any CPU
		{5D423C40-7098-4C4D-A963-CC9019623517}.Release|x86.Build.0 = Release|Any CPU
		{B1BA0EAA-E06A-46C8-B0A7-D7AE7C5A1052}.Debug|Any CPU.ActiveCfg = Debug|Any CPU
		{B1BA0EAA-E06A-46C8-B0A7-D7AE7C5A1052}.Debug|Any CPU.Build.0 = Debug|Any CPU
		{B1BA0EAA-E06A-46C8-B0A7-D7AE7C5A1052}.Debug|ARM.ActiveCfg = Debug|Any CPU
		{B1BA0EAA-E06A-46C8-B0A7-D7AE7C5A1052}.Debug|ARM.Build.0 = Debug|Any CPU
		{B1BA0EAA-E06A-46C8-B0A7-D7AE7C5A1052}.Debug|ARM64.ActiveCfg = Debug|Any CPU
		{B1BA0EAA-E06A-46C8-B0A7-D7AE7C5A1052}.Debug|ARM64.Build.0 = Debug|Any CPU
		{B1BA0EAA-E06A-46C8-B0A7-D7AE7C5A1052}.Debug|x64.ActiveCfg = Debug|Any CPU
		{B1BA0EAA-E06A-46C8-B0A7-D7AE7C5A1052}.Debug|x64.Build.0 = Debug|Any CPU
		{B1BA0EAA-E06A-46C8-B0A7-D7AE7C5A1052}.Debug|x86.ActiveCfg = Debug|Any CPU
		{B1BA0EAA-E06A-46C8-B0A7-D7AE7C5A1052}.Debug|x86.Build.0 = Debug|Any CPU
		{B1BA0EAA-E06A-46C8-B0A7-D7AE7C5A1052}.Release|Any CPU.ActiveCfg = Release|Any CPU
		{B1BA0EAA-E06A-46C8-B0A7-D7AE7C5A1052}.Release|Any CPU.Build.0 = Release|Any CPU
		{B1BA0EAA-E06A-46C8-B0A7-D7AE7C5A1052}.Release|ARM.ActiveCfg = Release|Any CPU
		{B1BA0EAA-E06A-46C8-B0A7-D7AE7C5A1052}.Release|ARM.Build.0 = Release|Any CPU
		{B1BA0EAA-E06A-46C8-B0A7-D7AE7C5A1052}.Release|ARM64.ActiveCfg = Release|Any CPU
		{B1BA0EAA-E06A-46C8-B0A7-D7AE7C5A1052}.Release|ARM64.Build.0 = Release|Any CPU
		{B1BA0EAA-E06A-46C8-B0A7-D7AE7C5A1052}.Release|x64.ActiveCfg = Release|Any CPU
		{B1BA0EAA-E06A-46C8-B0A7-D7AE7C5A1052}.Release|x64.Build.0 = Release|Any CPU
		{B1BA0EAA-E06A-46C8-B0A7-D7AE7C5A1052}.Release|x86.ActiveCfg = Release|Any CPU
		{B1BA0EAA-E06A-46C8-B0A7-D7AE7C5A1052}.Release|x86.Build.0 = Release|Any CPU
		{B23DC9EA-C4FC-4549-B145-024AEEDC8542}.Debug|Any CPU.ActiveCfg = Debug|Any CPU
		{B23DC9EA-C4FC-4549-B145-024AEEDC8542}.Debug|Any CPU.Build.0 = Debug|Any CPU
		{B23DC9EA-C4FC-4549-B145-024AEEDC8542}.Debug|ARM.ActiveCfg = Debug|Any CPU
		{B23DC9EA-C4FC-4549-B145-024AEEDC8542}.Debug|ARM.Build.0 = Debug|Any CPU
		{B23DC9EA-C4FC-4549-B145-024AEEDC8542}.Debug|ARM64.ActiveCfg = Debug|Any CPU
		{B23DC9EA-C4FC-4549-B145-024AEEDC8542}.Debug|ARM64.Build.0 = Debug|Any CPU
		{B23DC9EA-C4FC-4549-B145-024AEEDC8542}.Debug|x64.ActiveCfg = Debug|Any CPU
		{B23DC9EA-C4FC-4549-B145-024AEEDC8542}.Debug|x64.Build.0 = Debug|Any CPU
		{B23DC9EA-C4FC-4549-B145-024AEEDC8542}.Debug|x86.ActiveCfg = Debug|Any CPU
		{B23DC9EA-C4FC-4549-B145-024AEEDC8542}.Debug|x86.Build.0 = Debug|Any CPU
		{B23DC9EA-C4FC-4549-B145-024AEEDC8542}.Release|Any CPU.ActiveCfg = Release|Any CPU
		{B23DC9EA-C4FC-4549-B145-024AEEDC8542}.Release|Any CPU.Build.0 = Release|Any CPU
		{B23DC9EA-C4FC-4549-B145-024AEEDC8542}.Release|ARM.ActiveCfg = Release|Any CPU
		{B23DC9EA-C4FC-4549-B145-024AEEDC8542}.Release|ARM.Build.0 = Release|Any CPU
		{B23DC9EA-C4FC-4549-B145-024AEEDC8542}.Release|ARM64.ActiveCfg = Release|Any CPU
		{B23DC9EA-C4FC-4549-B145-024AEEDC8542}.Release|ARM64.Build.0 = Release|Any CPU
		{B23DC9EA-C4FC-4549-B145-024AEEDC8542}.Release|x64.ActiveCfg = Release|Any CPU
		{B23DC9EA-C4FC-4549-B145-024AEEDC8542}.Release|x64.Build.0 = Release|Any CPU
		{B23DC9EA-C4FC-4549-B145-024AEEDC8542}.Release|x86.ActiveCfg = Release|Any CPU
		{B23DC9EA-C4FC-4549-B145-024AEEDC8542}.Release|x86.Build.0 = Release|Any CPU
		{1BBC62E6-2CA4-4789-B573-C229DC4D9BEC}.Debug|Any CPU.ActiveCfg = Debug|x86
		{1BBC62E6-2CA4-4789-B573-C229DC4D9BEC}.Debug|ARM.ActiveCfg = Debug|ARM
		{1BBC62E6-2CA4-4789-B573-C229DC4D9BEC}.Debug|ARM.Build.0 = Debug|ARM
		{1BBC62E6-2CA4-4789-B573-C229DC4D9BEC}.Debug|ARM.Deploy.0 = Debug|ARM
		{1BBC62E6-2CA4-4789-B573-C229DC4D9BEC}.Debug|ARM64.ActiveCfg = Debug|ARM64
		{1BBC62E6-2CA4-4789-B573-C229DC4D9BEC}.Debug|ARM64.Build.0 = Debug|ARM64
		{1BBC62E6-2CA4-4789-B573-C229DC4D9BEC}.Debug|ARM64.Deploy.0 = Debug|ARM64
		{1BBC62E6-2CA4-4789-B573-C229DC4D9BEC}.Debug|x64.ActiveCfg = Debug|x64
		{1BBC62E6-2CA4-4789-B573-C229DC4D9BEC}.Debug|x64.Build.0 = Debug|x64
		{1BBC62E6-2CA4-4789-B573-C229DC4D9BEC}.Debug|x64.Deploy.0 = Debug|x64
		{1BBC62E6-2CA4-4789-B573-C229DC4D9BEC}.Debug|x86.ActiveCfg = Debug|x86
		{1BBC62E6-2CA4-4789-B573-C229DC4D9BEC}.Debug|x86.Build.0 = Debug|x86
		{1BBC62E6-2CA4-4789-B573-C229DC4D9BEC}.Debug|x86.Deploy.0 = Debug|x86
		{1BBC62E6-2CA4-4789-B573-C229DC4D9BEC}.Release|Any CPU.ActiveCfg = Release|x86
		{1BBC62E6-2CA4-4789-B573-C229DC4D9BEC}.Release|ARM.ActiveCfg = Release|ARM
		{1BBC62E6-2CA4-4789-B573-C229DC4D9BEC}.Release|ARM.Build.0 = Release|ARM
		{1BBC62E6-2CA4-4789-B573-C229DC4D9BEC}.Release|ARM.Deploy.0 = Release|ARM
		{1BBC62E6-2CA4-4789-B573-C229DC4D9BEC}.Release|ARM64.ActiveCfg = Release|ARM64
		{1BBC62E6-2CA4-4789-B573-C229DC4D9BEC}.Release|ARM64.Build.0 = Release|ARM64
		{1BBC62E6-2CA4-4789-B573-C229DC4D9BEC}.Release|ARM64.Deploy.0 = Release|ARM64
		{1BBC62E6-2CA4-4789-B573-C229DC4D9BEC}.Release|x64.ActiveCfg = Release|x64
		{1BBC62E6-2CA4-4789-B573-C229DC4D9BEC}.Release|x64.Build.0 = Release|x64
		{1BBC62E6-2CA4-4789-B573-C229DC4D9BEC}.Release|x64.Deploy.0 = Release|x64
		{1BBC62E6-2CA4-4789-B573-C229DC4D9BEC}.Release|x86.ActiveCfg = Release|x86
		{1BBC62E6-2CA4-4789-B573-C229DC4D9BEC}.Release|x86.Build.0 = Release|x86
		{1BBC62E6-2CA4-4789-B573-C229DC4D9BEC}.Release|x86.Deploy.0 = Release|x86
		{64DA54BB-271C-4731-A53B-58E088812685}.Debug|Any CPU.ActiveCfg = Debug|Any CPU
		{64DA54BB-271C-4731-A53B-58E088812685}.Debug|Any CPU.Build.0 = Debug|Any CPU
		{64DA54BB-271C-4731-A53B-58E088812685}.Debug|ARM.ActiveCfg = Debug|Any CPU
		{64DA54BB-271C-4731-A53B-58E088812685}.Debug|ARM.Build.0 = Debug|Any CPU
		{64DA54BB-271C-4731-A53B-58E088812685}.Debug|ARM64.ActiveCfg = Debug|Any CPU
		{64DA54BB-271C-4731-A53B-58E088812685}.Debug|ARM64.Build.0 = Debug|Any CPU
		{64DA54BB-271C-4731-A53B-58E088812685}.Debug|x64.ActiveCfg = Debug|Any CPU
		{64DA54BB-271C-4731-A53B-58E088812685}.Debug|x64.Build.0 = Debug|Any CPU
		{64DA54BB-271C-4731-A53B-58E088812685}.Debug|x86.ActiveCfg = Debug|Any CPU
		{64DA54BB-271C-4731-A53B-58E088812685}.Debug|x86.Build.0 = Debug|Any CPU
		{64DA54BB-271C-4731-A53B-58E088812685}.Release|Any CPU.ActiveCfg = Release|Any CPU
		{64DA54BB-271C-4731-A53B-58E088812685}.Release|Any CPU.Build.0 = Release|Any CPU
		{64DA54BB-271C-4731-A53B-58E088812685}.Release|ARM.ActiveCfg = Release|Any CPU
		{64DA54BB-271C-4731-A53B-58E088812685}.Release|ARM.Build.0 = Release|Any CPU
		{64DA54BB-271C-4731-A53B-58E088812685}.Release|ARM64.ActiveCfg = Release|Any CPU
		{64DA54BB-271C-4731-A53B-58E088812685}.Release|ARM64.Build.0 = Release|Any CPU
		{64DA54BB-271C-4731-A53B-58E088812685}.Release|x64.ActiveCfg = Release|Any CPU
		{64DA54BB-271C-4731-A53B-58E088812685}.Release|x64.Build.0 = Release|Any CPU
		{64DA54BB-271C-4731-A53B-58E088812685}.Release|x86.ActiveCfg = Release|Any CPU
		{64DA54BB-271C-4731-A53B-58E088812685}.Release|x86.Build.0 = Release|Any CPU
	EndGlobalSection
	GlobalSection(SolutionProperties) = preSolution
		HideSolutionNode = FALSE
	EndGlobalSection
	GlobalSection(ExtensibilityGlobals) = postSolution
		SolutionGuid = {0ABC0AD9-3BF1-44BF-B5D4-E8E2F14E3522}
	EndGlobalSection
EndGlobal
