
Microsoft Visual Studio Solution File, Format Version 12.00
# Visual Studio 15
VisualStudioVersion = 15.0.28307.168
MinimumVisualStudioVersion = 10.0.40219.1
Project("{FAE04EC0-301F-11D3-BF4B-00C04F79EFBC}") = "Servo_Manipulator_COM", "Servo_Manipulator_COM\Servo_Manipulator_COM.csproj", "{EEFEC4B6-5A6B-47BB-9A28-C12BBABDF0EA}"
EndProject
Project("{FAE04EC0-301F-11D3-BF4B-00C04F79EFBC}") = "Intersection", "координата_пересечения_шаров\Intersection.csproj", "{B23DC9EA-C4FC-4549-B145-024AEEDC8542}"
EndProject
Project("{8BC9CEB8-8B4A-11D0-8D11-00A0C91BC942}") = "DecCoordTransform", "DecCoordTransform\DecCoordTransform.vcxproj", "{A9924FCC-17B9-42BC-9F6C-2925733E3922}"
EndProject
Project("{FAE04EC0-301F-11D3-BF4B-00C04F79EFBC}") = "dataSendTest", "dataSendTest\dataSendTest.csproj", "{24110464-FC99-41F0-A183-EF547FD1D70A}"
EndProject
Project("{FAE04EC0-301F-11D3-BF4B-00C04F79EFBC}") = "dataSave_Csharp", "dataSave_Csharp\dataSave_Csharp.csproj", "{C7E5AEA0-F5DB-4BB6-8668-83CBD1B9235E}"
EndProject
Project("{FAE04EC0-301F-11D3-BF4B-00C04F79EFBC}") = "NumTest", "NumTest\NumTest.csproj", "{5D423C40-7098-4C4D-A963-CC9019623517}"
EndProject
Project("{FAE04EC0-301F-11D3-BF4B-00C04F79EFBC}") = "Sphere_test", "..\Sphere_test\Sphere_test\Sphere_test.csproj", "{B1BA0EAA-E06A-46C8-B0A7-D7AE7C5A1052}"
EndProject
Global
	GlobalSection(SolutionConfigurationPlatforms) = preSolution
		Debug|Any CPU = Debug|Any CPU
		Debug|x64 = Debug|x64
		Debug|x86 = Debug|x86
		Release|Any CPU = Release|Any CPU
		Release|x64 = Release|x64
		Release|x86 = Release|x86
	EndGlobalSection
	GlobalSection(ProjectConfigurationPlatforms) = postSolution
		{EEFEC4B6-5A6B-47BB-9A28-C12BBABDF0EA}.Debug|Any CPU.ActiveCfg = Debug|Any CPU
		{EEFEC4B6-5A6B-47BB-9A28-C12BBABDF0EA}.Debug|Any CPU.Build.0 = Debug|Any CPU
		{EEFEC4B6-5A6B-47BB-9A28-C12BBABDF0EA}.Debug|x64.ActiveCfg = Debug|Any CPU
		{EEFEC4B6-5A6B-47BB-9A28-C12BBABDF0EA}.Debug|x64.Build.0 = Debug|Any CPU
		{EEFEC4B6-5A6B-47BB-9A28-C12BBABDF0EA}.Debug|x86.ActiveCfg = Debug|Any CPU
		{EEFEC4B6-5A6B-47BB-9A28-C12BBABDF0EA}.Debug|x86.Build.0 = Debug|Any CPU
		{EEFEC4B6-5A6B-47BB-9A28-C12BBABDF0EA}.Release|Any CPU.ActiveCfg = Release|Any CPU
		{EEFEC4B6-5A6B-47BB-9A28-C12BBABDF0EA}.Release|Any CPU.Build.0 = Release|Any CPU
		{EEFEC4B6-5A6B-47BB-9A28-C12BBABDF0EA}.Release|x64.ActiveCfg = Release|Any CPU
		{EEFEC4B6-5A6B-47BB-9A28-C12BBABDF0EA}.Release|x64.Build.0 = Release|Any CPU
		{EEFEC4B6-5A6B-47BB-9A28-C12BBABDF0EA}.Release|x86.ActiveCfg = Release|Any CPU
		{EEFEC4B6-5A6B-47BB-9A28-C12BBABDF0EA}.Release|x86.Build.0 = Release|Any CPU
		{B23DC9EA-C4FC-4549-B145-024AEEDC8542}.Debug|Any CPU.ActiveCfg = Debug|Any CPU
		{B23DC9EA-C4FC-4549-B145-024AEEDC8542}.Debug|Any CPU.Build.0 = Debug|Any CPU
		{B23DC9EA-C4FC-4549-B145-024AEEDC8542}.Debug|x64.ActiveCfg = Debug|Any CPU
		{B23DC9EA-C4FC-4549-B145-024AEEDC8542}.Debug|x64.Build.0 = Debug|Any CPU
		{B23DC9EA-C4FC-4549-B145-024AEEDC8542}.Debug|x86.ActiveCfg = Debug|Any CPU
		{B23DC9EA-C4FC-4549-B145-024AEEDC8542}.Debug|x86.Build.0 = Debug|Any CPU
		{B23DC9EA-C4FC-4549-B145-024AEEDC8542}.Release|Any CPU.ActiveCfg = Release|Any CPU
		{B23DC9EA-C4FC-4549-B145-024AEEDC8542}.Release|Any CPU.Build.0 = Release|Any CPU
		{B23DC9EA-C4FC-4549-B145-024AEEDC8542}.Release|x64.ActiveCfg = Release|Any CPU
		{B23DC9EA-C4FC-4549-B145-024AEEDC8542}.Release|x64.Build.0 = Release|Any CPU
		{B23DC9EA-C4FC-4549-B145-024AEEDC8542}.Release|x86.ActiveCfg = Release|Any CPU
		{B23DC9EA-C4FC-4549-B145-024AEEDC8542}.Release|x86.Build.0 = Release|Any CPU
		{A9924FCC-17B9-42BC-9F6C-2925733E3922}.Debug|Any CPU.ActiveCfg = Debug|Win32
		{A9924FCC-17B9-42BC-9F6C-2925733E3922}.Debug|x64.ActiveCfg = Debug|x64
		{A9924FCC-17B9-42BC-9F6C-2925733E3922}.Debug|x64.Build.0 = Debug|x64
		{A9924FCC-17B9-42BC-9F6C-2925733E3922}.Debug|x86.ActiveCfg = Debug|Win32
		{A9924FCC-17B9-42BC-9F6C-2925733E3922}.Debug|x86.Build.0 = Debug|Win32
		{A9924FCC-17B9-42BC-9F6C-2925733E3922}.Release|Any CPU.ActiveCfg = Release|Win32
		{A9924FCC-17B9-42BC-9F6C-2925733E3922}.Release|x64.ActiveCfg = Release|x64
		{A9924FCC-17B9-42BC-9F6C-2925733E3922}.Release|x64.Build.0 = Release|x64
		{A9924FCC-17B9-42BC-9F6C-2925733E3922}.Release|x86.ActiveCfg = Release|Win32
		{A9924FCC-17B9-42BC-9F6C-2925733E3922}.Release|x86.Build.0 = Release|Win32
		{24110464-FC99-41F0-A183-EF547FD1D70A}.Debug|Any CPU.ActiveCfg = Debug|Any CPU
		{24110464-FC99-41F0-A183-EF547FD1D70A}.Debug|Any CPU.Build.0 = Debug|Any CPU
		{24110464-FC99-41F0-A183-EF547FD1D70A}.Debug|x64.ActiveCfg = Debug|Any CPU
		{24110464-FC99-41F0-A183-EF547FD1D70A}.Debug|x64.Build.0 = Debug|Any CPU
		{24110464-FC99-41F0-A183-EF547FD1D70A}.Debug|x86.ActiveCfg = Debug|Any CPU
		{24110464-FC99-41F0-A183-EF547FD1D70A}.Debug|x86.Build.0 = Debug|Any CPU
		{24110464-FC99-41F0-A183-EF547FD1D70A}.Release|Any CPU.ActiveCfg = Release|Any CPU
		{24110464-FC99-41F0-A183-EF547FD1D70A}.Release|Any CPU.Build.0 = Release|Any CPU
		{24110464-FC99-41F0-A183-EF547FD1D70A}.Release|x64.ActiveCfg = Release|Any CPU
		{24110464-FC99-41F0-A183-EF547FD1D70A}.Release|x64.Build.0 = Release|Any CPU
		{24110464-FC99-41F0-A183-EF547FD1D70A}.Release|x86.ActiveCfg = Release|Any CPU
		{24110464-FC99-41F0-A183-EF547FD1D70A}.Release|x86.Build.0 = Release|Any CPU
		{C7E5AEA0-F5DB-4BB6-8668-83CBD1B9235E}.Debug|Any CPU.ActiveCfg = Debug|Any CPU
		{C7E5AEA0-F5DB-4BB6-8668-83CBD1B9235E}.Debug|Any CPU.Build.0 = Debug|Any CPU
		{C7E5AEA0-F5DB-4BB6-8668-83CBD1B9235E}.Debug|x64.ActiveCfg = Debug|Any CPU
		{C7E5AEA0-F5DB-4BB6-8668-83CBD1B9235E}.Debug|x64.Build.0 = Debug|Any CPU
		{C7E5AEA0-F5DB-4BB6-8668-83CBD1B9235E}.Debug|x86.ActiveCfg = Debug|Any CPU
		{C7E5AEA0-F5DB-4BB6-8668-83CBD1B9235E}.Debug|x86.Build.0 = Debug|Any CPU
		{C7E5AEA0-F5DB-4BB6-8668-83CBD1B9235E}.Release|Any CPU.ActiveCfg = Release|Any CPU
		{C7E5AEA0-F5DB-4BB6-8668-83CBD1B9235E}.Release|Any CPU.Build.0 = Release|Any CPU
		{C7E5AEA0-F5DB-4BB6-8668-83CBD1B9235E}.Release|x64.ActiveCfg = Release|Any CPU
		{C7E5AEA0-F5DB-4BB6-8668-83CBD1B9235E}.Release|x64.Build.0 = Release|Any CPU
		{C7E5AEA0-F5DB-4BB6-8668-83CBD1B9235E}.Release|x86.ActiveCfg = Release|Any CPU
		{C7E5AEA0-F5DB-4BB6-8668-83CBD1B9235E}.Release|x86.Build.0 = Release|Any CPU
		{5D423C40-7098-4C4D-A963-CC9019623517}.Debug|Any CPU.ActiveCfg = Debug|Any CPU
		{5D423C40-7098-4C4D-A963-CC9019623517}.Debug|Any CPU.Build.0 = Debug|Any CPU
		{5D423C40-7098-4C4D-A963-CC9019623517}.Debug|x64.ActiveCfg = Debug|Any CPU
		{5D423C40-7098-4C4D-A963-CC9019623517}.Debug|x64.Build.0 = Debug|Any CPU
		{5D423C40-7098-4C4D-A963-CC9019623517}.Debug|x86.ActiveCfg = Debug|Any CPU
		{5D423C40-7098-4C4D-A963-CC9019623517}.Debug|x86.Build.0 = Debug|Any CPU
		{5D423C40-7098-4C4D-A963-CC9019623517}.Release|Any CPU.ActiveCfg = Release|Any CPU
		{5D423C40-7098-4C4D-A963-CC9019623517}.Release|Any CPU.Build.0 = Release|Any CPU
		{5D423C40-7098-4C4D-A963-CC9019623517}.Release|x64.ActiveCfg = Release|Any CPU
		{5D423C40-7098-4C4D-A963-CC9019623517}.Release|x64.Build.0 = Release|Any CPU
		{5D423C40-7098-4C4D-A963-CC9019623517}.Release|x86.ActiveCfg = Release|Any CPU
		{5D423C40-7098-4C4D-A963-CC9019623517}.Release|x86.Build.0 = Release|Any CPU
		{B1BA0EAA-E06A-46C8-B0A7-D7AE7C5A1052}.Debug|Any CPU.ActiveCfg = Debug|Any CPU
		{B1BA0EAA-E06A-46C8-B0A7-D7AE7C5A1052}.Debug|Any CPU.Build.0 = Debug|Any CPU
		{B1BA0EAA-E06A-46C8-B0A7-D7AE7C5A1052}.Debug|x64.ActiveCfg = Debug|Any CPU
		{B1BA0EAA-E06A-46C8-B0A7-D7AE7C5A1052}.Debug|x64.Build.0 = Debug|Any CPU
		{B1BA0EAA-E06A-46C8-B0A7-D7AE7C5A1052}.Debug|x86.ActiveCfg = Debug|Any CPU
		{B1BA0EAA-E06A-46C8-B0A7-D7AE7C5A1052}.Debug|x86.Build.0 = Debug|Any CPU
		{B1BA0EAA-E06A-46C8-B0A7-D7AE7C5A1052}.Release|Any CPU.ActiveCfg = Release|Any CPU
		{B1BA0EAA-E06A-46C8-B0A7-D7AE7C5A1052}.Release|Any CPU.Build.0 = Release|Any CPU
		{B1BA0EAA-E06A-46C8-B0A7-D7AE7C5A1052}.Release|x64.ActiveCfg = Release|Any CPU
		{B1BA0EAA-E06A-46C8-B0A7-D7AE7C5A1052}.Release|x64.Build.0 = Release|Any CPU
		{B1BA0EAA-E06A-46C8-B0A7-D7AE7C5A1052}.Release|x86.ActiveCfg = Release|Any CPU
		{B1BA0EAA-E06A-46C8-B0A7-D7AE7C5A1052}.Release|x86.Build.0 = Release|Any CPU
	EndGlobalSection
	GlobalSection(SolutionProperties) = preSolution
		HideSolutionNode = FALSE
	EndGlobalSection
	GlobalSection(ExtensibilityGlobals) = postSolution
		SolutionGuid = {0ABC0AD9-3BF1-44BF-B5D4-E8E2F14E3522}
	EndGlobalSection
EndGlobal
